
Microsoft Visual Studio Solution File, Format Version 12.00
# Visual Studio 15
VisualStudioVersion = 15.0.28307.1169
MinimumVisualStudioVersion = 10.0.40219.1
Project("{FAE04EC0-301F-11D3-BF4B-00C04F79EFBC}") = "SmallBusinessProject.UI.MVC", "SmallBusinessProject.UI.MVC\SmallBusinessProject.UI.MVC.csproj", "{89B26A72-A180-424E-BB6F-502482A23728}"
EndProject
Global
	GlobalSection(SolutionConfigurationPlatforms) = preSolution
		Debug|Any CPU = Debug|Any CPU
		Release|Any CPU = Release|Any CPU
	EndGlobalSection
	GlobalSection(ProjectConfigurationPlatforms) = postSolution
		{89B26A72-A180-424E-BB6F-502482A23728}.Debug|Any CPU.ActiveCfg = Debug|Any CPU
		{89B26A72-A180-424E-BB6F-502482A23728}.Debug|Any CPU.Build.0 = Debug|Any CPU
		{89B26A72-A180-424E-BB6F-502482A23728}.Release|Any CPU.ActiveCfg = Release|Any CPU
		{89B26A72-A180-424E-BB6F-502482A23728}.Release|Any CPU.Build.0 = Release|Any CPU
	EndGlobalSection
	GlobalSection(SolutionProperties) = preSolution
		HideSolutionNode = FALSE
	EndGlobalSection
	GlobalSection(ExtensibilityGlobals) = postSolution
		SolutionGuid = {5DE3667A-DC13-4C58-92DE-AD304A6AB508}
	EndGlobalSection
EndGlobal
